
Microsoft Visual Studio Solution File, Format Version 12.00
# Visual Studio 14
VisualStudioVersion = 14.0.24720.0
MinimumVisualStudioVersion = 10.0.40219.1
Project("{FAE04EC0-301F-11D3-BF4B-00C04F79EFBC}") = "EnglishRecognizer", "EnglishRecognizer\EnglishRecognizer.csproj", "{B3637233-578A-4A0E-A46E-68A8921EA87A}"
EndProject
Project("{FAE04EC0-301F-11D3-BF4B-00C04F79EFBC}") = "Ciphers", "Ciphers\Ciphers.csproj", "{984F593E-4AE4-4D81-BA45-E6F2B51D1108}"
EndProject
Project("{FAE04EC0-301F-11D3-BF4B-00C04F79EFBC}") = "Ciphers.Test", "Ciphers.Test\Ciphers.Test.csproj", "{50B7D133-66F6-4671-AB31-C666D0093D30}"
EndProject
Project("{8BC9CEB8-8B4A-11D0-8D11-00A0C91BC942}") = "Native.Test", "Native.Test\Native.Test.vcxproj", "{9E8C0489-7896-4A59-8718-50A888A625C9}"
EndProject
Global
	GlobalSection(SolutionConfigurationPlatforms) = preSolution
		Debug|x64 = Debug|x64
		Release|x64 = Release|x64
	EndGlobalSection
	GlobalSection(ProjectConfigurationPlatforms) = postSolution
		{B3637233-578A-4A0E-A46E-68A8921EA87A}.Debug|x64.ActiveCfg = Debug|x64
		{B3637233-578A-4A0E-A46E-68A8921EA87A}.Debug|x64.Build.0 = Debug|x64
		{B3637233-578A-4A0E-A46E-68A8921EA87A}.Release|x64.ActiveCfg = Release|x64
		{B3637233-578A-4A0E-A46E-68A8921EA87A}.Release|x64.Build.0 = Release|x64
		{984F593E-4AE4-4D81-BA45-E6F2B51D1108}.Debug|x64.ActiveCfg = Debug|x64
		{984F593E-4AE4-4D81-BA45-E6F2B51D1108}.Debug|x64.Build.0 = Debug|x64
		{984F593E-4AE4-4D81-BA45-E6F2B51D1108}.Release|x64.ActiveCfg = Release|x64
		{984F593E-4AE4-4D81-BA45-E6F2B51D1108}.Release|x64.Build.0 = Release|x64
		{50B7D133-66F6-4671-AB31-C666D0093D30}.Debug|x64.ActiveCfg = Debug|x64
		{50B7D133-66F6-4671-AB31-C666D0093D30}.Debug|x64.Build.0 = Debug|x64
		{50B7D133-66F6-4671-AB31-C666D0093D30}.Release|x64.ActiveCfg = Release|x64
		{50B7D133-66F6-4671-AB31-C666D0093D30}.Release|x64.Build.0 = Release|x64
		{9E8C0489-7896-4A59-8718-50A888A625C9}.Debug|x64.ActiveCfg = Debug|x64
		{9E8C0489-7896-4A59-8718-50A888A625C9}.Debug|x64.Build.0 = Debug|x64
		{9E8C0489-7896-4A59-8718-50A888A625C9}.Release|x64.ActiveCfg = Release|x64
		{9E8C0489-7896-4A59-8718-50A888A625C9}.Release|x64.Build.0 = Release|x64
	EndGlobalSection
	GlobalSection(SolutionProperties) = preSolution
		HideSolutionNode = FALSE
	EndGlobalSection
EndGlobal
